
Microsoft Visual Studio Solution File, Format Version 12.00
# Visual Studio 15
VisualStudioVersion = 15.0.27703.2000
MinimumVisualStudioVersion = 10.0.40219.1
Project("{FAE04EC0-301F-11D3-BF4B-00C04F79EFBC}") = "Gestion", "Gestion\Gestion.csproj", "{C33A42B1-4126-4409-9B6C-49CC9C109A0B}"
EndProject
Project("{FAE04EC0-301F-11D3-BF4B-00C04F79EFBC}") = "Gestion.Tests", "Gestion.Tests\Gestion.Tests.csproj", "{4CDB11A1-4EA0-4B94-AAE9-17D0881E7A03}"
EndProject
Global
	GlobalSection(SolutionConfigurationPlatforms) = preSolution
		Debug|Any CPU = Debug|Any CPU
		Release|Any CPU = Release|Any CPU
	EndGlobalSection
	GlobalSection(ProjectConfigurationPlatforms) = postSolution
		{C33A42B1-4126-4409-9B6C-49CC9C109A0B}.Debug|Any CPU.ActiveCfg = Debug|Any CPU
		{C33A42B1-4126-4409-9B6C-49CC9C109A0B}.Debug|Any CPU.Build.0 = Debug|Any CPU
		{C33A42B1-4126-4409-9B6C-49CC9C109A0B}.Release|Any CPU.ActiveCfg = Release|Any CPU
		{C33A42B1-4126-4409-9B6C-49CC9C109A0B}.Release|Any CPU.Build.0 = Release|Any CPU
		{4CDB11A1-4EA0-4B94-AAE9-17D0881E7A03}.Debug|Any CPU.ActiveCfg = Debug|Any CPU
		{4CDB11A1-4EA0-4B94-AAE9-17D0881E7A03}.Debug|Any CPU.Build.0 = Debug|Any CPU
		{4CDB11A1-4EA0-4B94-AAE9-17D0881E7A03}.Release|Any CPU.ActiveCfg = Release|Any CPU
		{4CDB11A1-4EA0-4B94-AAE9-17D0881E7A03}.Release|Any CPU.Build.0 = Release|Any CPU
	EndGlobalSection
	GlobalSection(SolutionProperties) = preSolution
		HideSolutionNode = FALSE
	EndGlobalSection
	GlobalSection(ExtensibilityGlobals) = postSolution
		SolutionGuid = {846968DD-C561-4703-8307-9BFF3B83DA38}
	EndGlobalSection
EndGlobal
